
Microsoft Visual Studio Solution File, Format Version 12.00
# Visual Studio 14
VisualStudioVersion = 14.0.25420.1
MinimumVisualStudioVersion = 10.0.40219.1
Project("{FAE04EC0-301F-11D3-BF4B-00C04F79EFBC}") = "4th_Year_BMS_Project", "4th_Year_BMS_Project\4th_Year_BMS_Project.csproj", "{92AD05EB-A377-447E-9D5E-CD1ECA1E3CB8}"
EndProject
Project("{FAE04EC0-301F-11D3-BF4B-00C04F79EFBC}") = "4th_Year_BMS_Project.Tests", "4th_Year_BMS_Project.Tests\4th_Year_BMS_Project.Tests.csproj", "{435F3566-5C9A-4763-8D58-D2407D8EE591}"
EndProject
Global
	GlobalSection(SolutionConfigurationPlatforms) = preSolution
		Debug|Any CPU = Debug|Any CPU
		Release|Any CPU = Release|Any CPU
	EndGlobalSection
	GlobalSection(ProjectConfigurationPlatforms) = postSolution
		{92AD05EB-A377-447E-9D5E-CD1ECA1E3CB8}.Debug|Any CPU.ActiveCfg = Debug|Any CPU
		{92AD05EB-A377-447E-9D5E-CD1ECA1E3CB8}.Debug|Any CPU.Build.0 = Debug|Any CPU
		{92AD05EB-A377-447E-9D5E-CD1ECA1E3CB8}.Release|Any CPU.ActiveCfg = Release|Any CPU
		{92AD05EB-A377-447E-9D5E-CD1ECA1E3CB8}.Release|Any CPU.Build.0 = Release|Any CPU
		{435F3566-5C9A-4763-8D58-D2407D8EE591}.Debug|Any CPU.ActiveCfg = Debug|Any CPU
		{435F3566-5C9A-4763-8D58-D2407D8EE591}.Debug|Any CPU.Build.0 = Debug|Any CPU
		{435F3566-5C9A-4763-8D58-D2407D8EE591}.Release|Any CPU.ActiveCfg = Release|Any CPU
		{435F3566-5C9A-4763-8D58-D2407D8EE591}.Release|Any CPU.Build.0 = Release|Any CPU
	EndGlobalSection
	GlobalSection(SolutionProperties) = preSolution
		HideSolutionNode = FALSE
	EndGlobalSection
EndGlobal
